{
  "version": 2,
  "packages": {
    "jsony": {
      "version": "1.1.5",
      "vcsRevision": "ea811bec7fa50f5abd3088ba94cda74285e93f18",
      "url": "https://github.com/treeform/jsony",
      "downloadMethod": "git",
      "dependencies": [],
      "checksums": {
        "sha1": "6aeb83e7481ca8686396a568096054bc668294df"
      }
    },
    "karax": {
      "version": "1.3.3",
      "vcsRevision": "3033d83302753993e7dd8517be0a4d630fb1cd4d",
      "url": "https://github.com/daylinmorgan/karax",
      "downloadMethod": "git",
      "dependencies": [],
      "checksums": {
        "sha1": "7180293d2b39f17827ae84d395c9e65f45565107"
      }
    }
  },
  "tasks": {}
}
